
Microsoft Visual Studio Solution File, Format Version 12.00
# Visual Studio Version 17
VisualStudioVersion = 17.0.31903.59
MinimumVisualStudioVersion = 10.0.40219.1
Project("{2150E333-8FDC-42A3-9474-1A3956D46DE8}") = "src", "src", "{D0995880-4605-44BD-81B9-F421EDDAF54B}"
EndProject
Project("{FAE04EC0-301F-11D3-BF4B-00C04F79EFBC}") = "OrderFlow.Contracts", "src\OrderFlow.Contracts\OrderFlow.Contracts.csproj", "{F6FFBD7D-6D5A-470A-9600-9B5E175774E5}"
EndProject
Project("{FAE04EC0-301F-11D3-BF4B-00C04F79EFBC}") = "Order.Api", "src\Order.Api\Order.Api.csproj", "{C9284AFA-E6C5-446E-BCB5-7E3A765C0D79}"
EndProject
Project("{FAE04EC0-301F-11D3-BF4B-00C04F79EFBC}") = "Inventory.Service", "src\Inventory.Service\Inventory.Service.csproj", "{660E206A-9E5F-45B7-8082-2E8FAE32AF78}"
EndProject
Project("{FAE04EC0-301F-11D3-BF4B-00C04F79EFBC}") = "Notification.Worker", "src\Notification.Worker\Notification.Worker.csproj", "{EA7D5CD1-2C5D-49F1-8731-05B13769A49A}"
EndProject
Project("{2150E333-8FDC-42A3-9474-1A3956D46DE8}") = "tests", "tests", "{D825E1A0-C898-4DA0-B5F7-B20591BAA0A9}"
EndProject
Project("{FAE04EC0-301F-11D3-BF4B-00C04F79EFBC}") = "Order.Api.Tests", "tests\Order.Api.Tests\Order.Api.Tests.csproj", "{51BCF77B-868C-4608-9F77-E92C13F4C7A0}"
EndProject
Project("{FAE04EC0-301F-11D3-BF4B-00C04F79EFBC}") = "OrderFlow.Triage", "src\OrderFlow.Triage\OrderFlow.Triage.csproj", "{A6E4A4D2-032A-4342-A275-53A454A93ED2}"
EndProject
Project("{2150E333-8FDC-42A3-9474-1A3956D46DE8}") = "tools", "tools", "{07C2787E-EAC7-C090-1BA3-A61EC2A24D84}"
EndProject
Project("{FAE04EC0-301F-11D3-BF4B-00C04F79EFBC}") = "OrderFlow.Triage.Fixtures", "tools\OrderFlow.Triage.Fixtures\OrderFlow.Triage.Fixtures.csproj", "{C037DB0C-4F5A-47CA-BF15-88FA446BDE47}"
EndProject
Global
	GlobalSection(SolutionConfigurationPlatforms) = preSolution
		Debug|Any CPU = Debug|Any CPU
		Debug|x64 = Debug|x64
		Debug|x86 = Debug|x86
		Release|Any CPU = Release|Any CPU
		Release|x64 = Release|x64
		Release|x86 = Release|x86
	EndGlobalSection
	GlobalSection(ProjectConfigurationPlatforms) = postSolution
		{F6FFBD7D-6D5A-470A-9600-9B5E175774E5}.Debug|Any CPU.ActiveCfg = Debug|Any CPU
		{F6FFBD7D-6D5A-470A-9600-9B5E175774E5}.Debug|Any CPU.Build.0 = Debug|Any CPU
		{F6FFBD7D-6D5A-470A-9600-9B5E175774E5}.Debug|x64.ActiveCfg = Debug|Any CPU
		{F6FFBD7D-6D5A-470A-9600-9B5E175774E5}.Debug|x64.Build.0 = Debug|Any CPU
		{F6FFBD7D-6D5A-470A-9600-9B5E175774E5}.Debug|x86.ActiveCfg = Debug|Any CPU
		{F6FFBD7D-6D5A-470A-9600-9B5E175774E5}.Debug|x86.Build.0 = Debug|Any CPU
		{F6FFBD7D-6D5A-470A-9600-9B5E175774E5}.Release|Any CPU.ActiveCfg = Release|Any CPU
		{F6FFBD7D-6D5A-470A-9600-9B5E175774E5}.Release|Any CPU.Build.0 = Release|Any CPU
		{F6FFBD7D-6D5A-470A-9600-9B5E175774E5}.Release|x64.ActiveCfg = Release|Any CPU
		{F6FFBD7D-6D5A-470A-9600-9B5E175774E5}.Release|x64.Build.0 = Release|Any CPU
		{F6FFBD7D-6D5A-470A-9600-9B5E175774E5}.Release|x86.ActiveCfg = Release|Any CPU
		{F6FFBD7D-6D5A-470A-9600-9B5E175774E5}.Release|x86.Build.0 = Release|Any CPU
		{C9284AFA-E6C5-446E-BCB5-7E3A765C0D79}.Debug|Any CPU.ActiveCfg = Debug|Any CPU
		{C9284AFA-E6C5-446E-BCB5-7E3A765C0D79}.Debug|Any CPU.Build.0 = Debug|Any CPU
		{C9284AFA-E6C5-446E-BCB5-7E3A765C0D79}.Debug|x64.ActiveCfg = Debug|Any CPU
		{C9284AFA-E6C5-446E-BCB5-7E3A765C0D79}.Debug|x64.Build.0 = Debug|Any CPU
		{C9284AFA-E6C5-446E-BCB5-7E3A765C0D79}.Debug|x86.ActiveCfg = Debug|Any CPU
		{C9284AFA-E6C5-446E-BCB5-7E3A765C0D79}.Debug|x86.Build.0 = Debug|Any CPU
		{C9284AFA-E6C5-446E-BCB5-7E3A765C0D79}.Release|Any CPU.ActiveCfg = Release|Any CPU
		{C9284AFA-E6C5-446E-BCB5-7E3A765C0D79}.Release|Any CPU.Build.0 = Release|Any CPU
		{C9284AFA-E6C5-446E-BCB5-7E3A765C0D79}.Release|x64.ActiveCfg = Release|Any CPU
		{C9284AFA-E6C5-446E-BCB5-7E3A765C0D79}.Release|x64.Build.0 = Release|Any CPU
		{C9284AFA-E6C5-446E-BCB5-7E3A765C0D79}.Release|x86.ActiveCfg = Release|Any CPU
		{C9284AFA-E6C5-446E-BCB5-7E3A765C0D79}.Release|x86.Build.0 = Release|Any CPU
		{660E206A-9E5F-45B7-8082-2E8FAE32AF78}.Debug|Any CPU.ActiveCfg = Debug|Any CPU
		{660E206A-9E5F-45B7-8082-2E8FAE32AF78}.Debug|Any CPU.Build.0 = Debug|Any CPU
		{660E206A-9E5F-45B7-8082-2E8FAE32AF78}.Debug|x64.ActiveCfg = Debug|Any CPU
		{660E206A-9E5F-45B7-8082-2E8FAE32AF78}.Debug|x64.Build.0 = Debug|Any CPU
		{660E206A-9E5F-45B7-8082-2E8FAE32AF78}.Debug|x86.ActiveCfg = Debug|Any CPU
		{660E206A-9E5F-45B7-8082-2E8FAE32AF78}.Debug|x86.Build.0 = Debug|Any CPU
		{660E206A-9E5F-45B7-8082-2E8FAE32AF78}.Release|Any CPU.ActiveCfg = Release|Any CPU
		{660E206A-9E5F-45B7-8082-2E8FAE32AF78}.Release|Any CPU.Build.0 = Release|Any CPU
		{660E206A-9E5F-45B7-8082-2E8FAE32AF78}.Release|x64.ActiveCfg = Release|Any CPU
		{660E206A-9E5F-45B7-8082-2E8FAE32AF78}.Release|x64.Build.0 = Release|Any CPU
		{660E206A-9E5F-45B7-8082-2E8FAE32AF78}.Release|x86.ActiveCfg = Release|Any CPU
		{660E206A-9E5F-45B7-8082-2E8FAE32AF78}.Release|x86.Build.0 = Release|Any CPU
		{EA7D5CD1-2C5D-49F1-8731-05B13769A49A}.Debug|Any CPU.ActiveCfg = Debug|Any CPU
		{EA7D5CD1-2C5D-49F1-8731-05B13769A49A}.Debug|Any CPU.Build.0 = Debug|Any CPU
		{EA7D5CD1-2C5D-49F1-8731-05B13769A49A}.Debug|x64.ActiveCfg = Debug|Any CPU
		{EA7D5CD1-2C5D-49F1-8731-05B13769A49A}.Debug|x64.Build.0 = Debug|Any CPU
		{EA7D5CD1-2C5D-49F1-8731-05B13769A49A}.Debug|x86.ActiveCfg = Debug|Any CPU
		{EA7D5CD1-2C5D-49F1-8731-05B13769A49A}.Debug|x86.Build.0 = Debug|Any CPU
		{EA7D5CD1-2C5D-49F1-8731-05B13769A49A}.Release|Any CPU.ActiveCfg = Release|Any CPU
		{EA7D5CD1-2C5D-49F1-8731-05B13769A49A}.Release|Any CPU.Build.0 = Release|Any CPU
		{EA7D5CD1-2C5D-49F1-8731-05B13769A49A}.Release|x64.ActiveCfg = Release|Any CPU
		{EA7D5CD1-2C5D-49F1-8731-05B13769A49A}.Release|x64.Build.0 = Release|Any CPU
		{EA7D5CD1-2C5D-49F1-8731-05B13769A49A}.Release|x86.ActiveCfg = Release|Any CPU
		{EA7D5CD1-2C5D-49F1-8731-05B13769A49A}.Release|x86.Build.0 = Release|Any CPU
		{51BCF77B-868C-4608-9F77-E92C13F4C7A0}.Debug|Any CPU.ActiveCfg = Debug|Any CPU
		{51BCF77B-868C-4608-9F77-E92C13F4C7A0}.Debug|Any CPU.Build.0 = Debug|Any CPU
		{51BCF77B-868C-4608-9F77-E92C13F4C7A0}.Debug|x64.ActiveCfg = Debug|Any CPU
		{51BCF77B-868C-4608-9F77-E92C13F4C7A0}.Debug|x64.Build.0 = Debug|Any CPU
		{51BCF77B-868C-4608-9F77-E92C13F4C7A0}.Debug|x86.ActiveCfg = Debug|Any CPU
		{51BCF77B-868C-4608-9F77-E92C13F4C7A0}.Debug|x86.Build.0 = Debug|Any CPU
		{51BCF77B-868C-4608-9F77-E92C13F4C7A0}.Release|Any CPU.ActiveCfg = Release|Any CPU
		{51BCF77B-868C-4608-9F77-E92C13F4C7A0}.Release|Any CPU.Build.0 = Release|Any CPU
		{51BCF77B-868C-4608-9F77-E92C13F4C7A0}.Release|x64.ActiveCfg = Release|Any CPU
		{51BCF77B-868C-4608-9F77-E92C13F4C7A0}.Release|x64.Build.0 = Release|Any CPU
		{51BCF77B-868C-4608-9F77-E92C13F4C7A0}.Release|x86.ActiveCfg = Release|Any CPU
		{51BCF77B-868C-4608-9F77-E92C13F4C7A0}.Release|x86.Build.0 = Release|Any CPU
		{A6E4A4D2-032A-4342-A275-53A454A93ED2}.Debug|Any CPU.ActiveCfg = Debug|Any CPU
		{A6E4A4D2-032A-4342-A275-53A454A93ED2}.Debug|Any CPU.Build.0 = Debug|Any CPU
		{A6E4A4D2-032A-4342-A275-53A454A93ED2}.Debug|x64.ActiveCfg = Debug|Any CPU
		{A6E4A4D2-032A-4342-A275-53A454A93ED2}.Debug|x64.Build.0 = Debug|Any CPU
		{A6E4A4D2-032A-4342-A275-53A454A93ED2}.Debug|x86.ActiveCfg = Debug|Any CPU
		{A6E4A4D2-032A-4342-A275-53A454A93ED2}.Debug|x86.Build.0 = Debug|Any CPU
		{A6E4A4D2-032A-4342-A275-53A454A93ED2}.Release|Any CPU.ActiveCfg = Release|Any CPU
		{A6E4A4D2-032A-4342-A275-53A454A93ED2}.Release|Any CPU.Build.0 = Release|Any CPU
		{A6E4A4D2-032A-4342-A275-53A454A93ED2}.Release|x64.ActiveCfg = Release|Any CPU
		{A6E4A4D2-032A-4342-A275-53A454A93ED2}.Release|x64.Build.0 = Release|Any CPU
		{A6E4A4D2-032A-4342-A275-53A454A93ED2}.Release|x86.ActiveCfg = Release|Any CPU
		{A6E4A4D2-032A-4342-A275-53A454A93ED2}.Release|x86.Build.0 = Release|Any CPU
		{C037DB0C-4F5A-47CA-BF15-88FA446BDE47}.Debug|Any CPU.ActiveCfg = Debug|Any CPU
		{C037DB0C-4F5A-47CA-BF15-88FA446BDE47}.Debug|Any CPU.Build.0 = Debug|Any CPU
		{C037DB0C-4F5A-47CA-BF15-88FA446BDE47}.Debug|x64.ActiveCfg = Debug|Any CPU
		{C037DB0C-4F5A-47CA-BF15-88FA446BDE47}.Debug|x64.Build.0 = Debug|Any CPU
		{C037DB0C-4F5A-47CA-BF15-88FA446BDE47}.Debug|x86.ActiveCfg = Debug|Any CPU
		{C037DB0C-4F5A-47CA-BF15-88FA446BDE47}.Debug|x86.Build.0 = Debug|Any CPU
		{C037DB0C-4F5A-47CA-BF15-88FA446BDE47}.Release|Any CPU.ActiveCfg = Release|Any CPU
		{C037DB0C-4F5A-47CA-BF15-88FA446BDE47}.Release|Any CPU.Build.0 = Release|Any CPU
		{C037DB0C-4F5A-47CA-BF15-88FA446BDE47}.Release|x64.ActiveCfg = Release|Any CPU
		{C037DB0C-4F5A-47CA-BF15-88FA446BDE47}.Release|x64.Build.0 = Release|Any CPU
		{C037DB0C-4F5A-47CA-BF15-88FA446BDE47}.Release|x86.ActiveCfg = Release|Any CPU
		{C037DB0C-4F5A-47CA-BF15-88FA446BDE47}.Release|x86.Build.0 = Release|Any CPU
	EndGlobalSection
	GlobalSection(SolutionProperties) = preSolution
		HideSolutionNode = FALSE
	EndGlobalSection
	GlobalSection(NestedProjects) = preSolution
		{F6FFBD7D-6D5A-470A-9600-9B5E175774E5} = {D0995880-4605-44BD-81B9-F421EDDAF54B}
		{C9284AFA-E6C5-446E-BCB5-7E3A765C0D79} = {D0995880-4605-44BD-81B9-F421EDDAF54B}
		{660E206A-9E5F-45B7-8082-2E8FAE32AF78} = {D0995880-4605-44BD-81B9-F421EDDAF54B}
		{EA7D5CD1-2C5D-49F1-8731-05B13769A49A} = {D0995880-4605-44BD-81B9-F421EDDAF54B}
		{51BCF77B-868C-4608-9F77-E92C13F4C7A0} = {D825E1A0-C898-4DA0-B5F7-B20591BAA0A9}
		{A6E4A4D2-032A-4342-A275-53A454A93ED2} = {D0995880-4605-44BD-81B9-F421EDDAF54B}
		{C037DB0C-4F5A-47CA-BF15-88FA446BDE47} = {07C2787E-EAC7-C090-1BA3-A61EC2A24D84}
	EndGlobalSection
EndGlobal
